
Microsoft Visual Studio Solution File, Format Version 12.00
# Visual Studio Version 17
VisualStudioVersion = 17.8.34316.72
MinimumVisualStudioVersion = 10.0.40219.1
Project("{8BC9CEB8-8B4A-11D0-8D11-00A0C91BC942}") = "Engine", "Engine\Engine.vcxproj", "{E8FE7398-8C4E-4C4E-8704-14EA01BCA15C}"
EndProject
Project("{8BC9CEB8-8B4A-11D0-8D11-00A0C91BC942}") = "Client", "Client\Client.vcxproj", "{C1C2E19E-A210-442A-B03F-76FB98033AF7}"
EndProject
Project("{8BC9CEB8-8B4A-11D0-8D11-00A0C91BC942}") = "AssimpTool", "AssimpTool\AssimpTool.vcxproj", "{CDF210CB-C330-4CC6-88D2-ACD50559684F}"
EndProject
Project("{2150E333-8FDC-42A3-9474-1A3956D46DE8}") = "Tools", "Tools", "{1CBAC9C0-2774-4A18-8367-A0445AFF1314}"
EndProject
Global
	GlobalSection(SolutionConfigurationPlatforms) = preSolution
		Debug|x64 = Debug|x64
		Debug|x86 = Debug|x86
		Release|x64 = Release|x64
		Release|x86 = Release|x86
	EndGlobalSection
	GlobalSection(ProjectConfigurationPlatforms) = postSolution
		{E8FE7398-8C4E-4C4E-8704-14EA01BCA15C}.Debug|x64.ActiveCfg = Debug|x64
		{E8FE7398-8C4E-4C4E-8704-14EA01BCA15C}.Debug|x64.Build.0 = Debug|x64
		{E8FE7398-8C4E-4C4E-8704-14EA01BCA15C}.Debug|x86.ActiveCfg = Debug|Win32
		{E8FE7398-8C4E-4C4E-8704-14EA01BCA15C}.Debug|x86.Build.0 = Debug|Win32
		{E8FE7398-8C4E-4C4E-8704-14EA01BCA15C}.Release|x64.ActiveCfg = Release|x64
		{E8FE7398-8C4E-4C4E-8704-14EA01BCA15C}.Release|x64.Build.0 = Release|x64
		{E8FE7398-8C4E-4C4E-8704-14EA01BCA15C}.Release|x86.ActiveCfg = Release|Win32
		{E8FE7398-8C4E-4C4E-8704-14EA01BCA15C}.Release|x86.Build.0 = Release|Win32
		{C1C2E19E-A210-442A-B03F-76FB98033AF7}.Debug|x64.ActiveCfg = Debug|x64
		{C1C2E19E-A210-442A-B03F-76FB98033AF7}.Debug|x64.Build.0 = Debug|x64
		{C1C2E19E-A210-442A-B03F-76FB98033AF7}.Debug|x86.ActiveCfg = Debug|Win32
		{C1C2E19E-A210-442A-B03F-76FB98033AF7}.Debug|x86.Build.0 = Debug|Win32
		{C1C2E19E-A210-442A-B03F-76FB98033AF7}.Release|x64.ActiveCfg = Release|x64
		{C1C2E19E-A210-442A-B03F-76FB98033AF7}.Release|x64.Build.0 = Release|x64
		{C1C2E19E-A210-442A-B03F-76FB98033AF7}.Release|x86.ActiveCfg = Release|Win32
		{C1C2E19E-A210-442A-B03F-76FB98033AF7}.Release|x86.Build.0 = Release|Win32
		{CDF210CB-C330-4CC6-88D2-ACD50559684F}.Debug|x64.ActiveCfg = Debug|x64
		{CDF210CB-C330-4CC6-88D2-ACD50559684F}.Debug|x64.Build.0 = Debug|x64
		{CDF210CB-C330-4CC6-88D2-ACD50559684F}.Debug|x86.ActiveCfg = Debug|Win32
		{CDF210CB-C330-4CC6-88D2-ACD50559684F}.Debug|x86.Build.0 = Debug|Win32
		{CDF210CB-C330-4CC6-88D2-ACD50559684F}.Release|x64.ActiveCfg = Release|x64
		{CDF210CB-C330-4CC6-88D2-ACD50559684F}.Release|x64.Build.0 = Release|x64
		{CDF210CB-C330-4CC6-88D2-ACD50559684F}.Release|x86.ActiveCfg = Release|Win32
		{CDF210CB-C330-4CC6-88D2-ACD50559684F}.Release|x86.Build.0 = Release|Win32
	EndGlobalSection
	GlobalSection(SolutionProperties) = preSolution
		HideSolutionNode = FALSE
	EndGlobalSection
	GlobalSection(NestedProjects) = preSolution
		{CDF210CB-C330-4CC6-88D2-ACD50559684F} = {1CBAC9C0-2774-4A18-8367-A0445AFF1314}
	EndGlobalSection
	GlobalSection(ExtensibilityGlobals) = postSolution
		SolutionGuid = {B8763995-EED6-4F45-83AC-E15847582B73}
	EndGlobalSection
EndGlobal
