<?xml version="1.0" encoding="utf-8"?>
<Project ToolsVersion="4.0" xmlns="http://schemas.microsoft.com/developer/msbuild/2003">
  <ItemGroup>
    <Filter Include="Resource Files">
      <UniqueIdentifier>{67DA6AB6-F800-4c08-8B7A-83BB121AAD01}</UniqueIdentifier>
      <Extensions>rc;ico;cur;bmp;dlg;rc2;rct;bin;rgs;gif;jpg;jpeg;jpe;resx;tiff;tif;png;wav;mfcribbon-ms</Extensions>
    </Filter>
    <Filter Include="Resource Files\99. Header">
      <UniqueIdentifier>{23e14814-9797-4584-bc23-981d5ec7e8f4}</UniqueIdentifier>
    </Filter>
    <Filter Include="Resource Files\01. Main">
      <UniqueIdentifier>{8b65a929-a174-4e94-8584-9050c34a9671}</UniqueIdentifier>
    </Filter>
    <Filter Include="Resource Files\99. Header\Andromeda">
      <UniqueIdentifier>{7e92a56e-cc38-4eed-befb-966737820d82}</UniqueIdentifier>
    </Filter>
  </ItemGroup>
  <ItemGroup>
    <ClInclude Include="framework.h">
      <Filter>Resource Files\99. Header</Filter>
    </ClInclude>
    <ClInclude Include="Resource.h">
      <Filter>Resource Files\99. Header</Filter>
    </ClInclude>
    <ClInclude Include="targetver.h">
      <Filter>Resource Files\99. Header</Filter>
    </ClInclude>
    <ClInclude Include="GameCoding.h">
      <Filter>Resource Files\01. Main</Filter>
    </ClInclude>
    <ClInclude Include="pch.h">
      <Filter>Resource Files\99. Header\Andromeda</Filter>
    </ClInclude>
    <ClInclude Include="Struct.h">
      <Filter>Resource Files\99. Header</Filter>
    </ClInclude>
    <ClInclude Include="Types.h">
      <Filter>Resource Files\99. Header</Filter>
    </ClInclude>
    <ClInclude Include="Values.h">
      <Filter>Resource Files\99. Header</Filter>
    </ClInclude>
    <ClInclude Include="Game.h">
      <Filter>Resource Files\01. Main</Filter>
    </ClInclude>
  </ItemGroup>
  <ItemGroup>
    <ResourceCompile Include="GameCoding.rc">
      <Filter>Resource Files</Filter>
    </ResourceCompile>
  </ItemGroup>
  <ItemGroup>
    <Image Include="small.ico">
      <Filter>Resource Files</Filter>
    </Image>
    <Image Include="GameCoding.ico">
      <Filter>Resource Files</Filter>
    </Image>
  </ItemGroup>
  <ItemGroup>
    <ClCompile Include="GameCoding.cpp">
      <Filter>Resource Files\01. Main</Filter>
    </ClCompile>
    <ClCompile Include="pch.cpp">
      <Filter>Resource Files\99. Header\Andromeda</Filter>
    </ClCompile>
    <ClCompile Include="Game.cpp">
      <Filter>Resource Files\01. Main</Filter>
    </ClCompile>
  </ItemGroup>
</Project>